
Microsoft Visual Studio Solution File, Format Version 12.00
# Visual Studio Version 16
VisualStudioVersion = 16.0.30225.117
MinimumVisualStudioVersion = 10.0.40219.1
Project("{FAE04EC0-301F-11D3-BF4B-00C04F79EFBC}") = "PlenaDataAssessment", "PlenaDataAssessment\PlenaDataAssessment.csproj", "{8D1C2898-0F28-4C93-B035-E32AE27402BD}"
EndProject
Global
	GlobalSection(SolutionConfigurationPlatforms) = preSolution
		Debug|Any CPU = Debug|Any CPU
		Release|Any CPU = Release|Any CPU
	EndGlobalSection
	GlobalSection(ProjectConfigurationPlatforms) = postSolution
		{8D1C2898-0F28-4C93-B035-E32AE27402BD}.Debug|Any CPU.ActiveCfg = Debug|Any CPU
		{8D1C2898-0F28-4C93-B035-E32AE27402BD}.Debug|Any CPU.Build.0 = Debug|Any CPU
		{8D1C2898-0F28-4C93-B035-E32AE27402BD}.Release|Any CPU.ActiveCfg = Release|Any CPU
		{8D1C2898-0F28-4C93-B035-E32AE27402BD}.Release|Any CPU.Build.0 = Release|Any CPU
	EndGlobalSection
	GlobalSection(SolutionProperties) = preSolution
		HideSolutionNode = FALSE
	EndGlobalSection
	GlobalSection(ExtensibilityGlobals) = postSolution
		SolutionGuid = {99B8AD32-D765-4E46-A456-3C9FC9555CB0}
	EndGlobalSection
EndGlobal
